
Microsoft Visual Studio Solution File, Format Version 12.00
# Visual Studio 14
VisualStudioVersion = 14.0.25420.1
MinimumVisualStudioVersion = 10.0.40219.1
Project("{FAE04EC0-301F-11D3-BF4B-00C04F79EFBC}") = "SortNumbers", "SortNumbers\SortNumbers.csproj", "{50F81A2F-E2AB-498D-B6B7-64B1B3CCC5CF}"
EndProject
Project("{FAE04EC0-301F-11D3-BF4B-00C04F79EFBC}") = "SortNumbers.Web", "SortNumbers.Web\SortNumbers.Web.csproj", "{1189EED7-E6A1-4536-A923-37E8A760AA18}"
EndProject
Project("{FAE04EC0-301F-11D3-BF4B-00C04F79EFBC}") = "SortNumbers.Web.Tests", "SortNumbers.Web.Tests\SortNumbers.Web.Tests.csproj", "{5A09357E-D3C4-413A-A471-FFAF8311CB2A}"
EndProject
Project("{FAE04EC0-301F-11D3-BF4B-00C04F79EFBC}") = "SortNumbers.Test", "SortNumbersTest\SortNumbers.Test.csproj", "{3AB37710-AF44-42F2-8895-B80AA289CECB}"
EndProject
Global
	GlobalSection(SolutionConfigurationPlatforms) = preSolution
		Debug|Any CPU = Debug|Any CPU
		Release|Any CPU = Release|Any CPU
	EndGlobalSection
	GlobalSection(ProjectConfigurationPlatforms) = postSolution
		{50F81A2F-E2AB-498D-B6B7-64B1B3CCC5CF}.Debug|Any CPU.ActiveCfg = Debug|Any CPU
		{50F81A2F-E2AB-498D-B6B7-64B1B3CCC5CF}.Debug|Any CPU.Build.0 = Debug|Any CPU
		{50F81A2F-E2AB-498D-B6B7-64B1B3CCC5CF}.Release|Any CPU.ActiveCfg = Release|Any CPU
		{50F81A2F-E2AB-498D-B6B7-64B1B3CCC5CF}.Release|Any CPU.Build.0 = Release|Any CPU
		{1189EED7-E6A1-4536-A923-37E8A760AA18}.Debug|Any CPU.ActiveCfg = Debug|Any CPU
		{1189EED7-E6A1-4536-A923-37E8A760AA18}.Debug|Any CPU.Build.0 = Debug|Any CPU
		{1189EED7-E6A1-4536-A923-37E8A760AA18}.Release|Any CPU.ActiveCfg = Release|Any CPU
		{1189EED7-E6A1-4536-A923-37E8A760AA18}.Release|Any CPU.Build.0 = Release|Any CPU
		{5A09357E-D3C4-413A-A471-FFAF8311CB2A}.Debug|Any CPU.ActiveCfg = Debug|Any CPU
		{5A09357E-D3C4-413A-A471-FFAF8311CB2A}.Debug|Any CPU.Build.0 = Debug|Any CPU
		{5A09357E-D3C4-413A-A471-FFAF8311CB2A}.Release|Any CPU.ActiveCfg = Release|Any CPU
		{5A09357E-D3C4-413A-A471-FFAF8311CB2A}.Release|Any CPU.Build.0 = Release|Any CPU
		{3AB37710-AF44-42F2-8895-B80AA289CECB}.Debug|Any CPU.ActiveCfg = Debug|Any CPU
		{3AB37710-AF44-42F2-8895-B80AA289CECB}.Debug|Any CPU.Build.0 = Debug|Any CPU
		{3AB37710-AF44-42F2-8895-B80AA289CECB}.Release|Any CPU.ActiveCfg = Release|Any CPU
		{3AB37710-AF44-42F2-8895-B80AA289CECB}.Release|Any CPU.Build.0 = Release|Any CPU
	EndGlobalSection
	GlobalSection(SolutionProperties) = preSolution
		HideSolutionNode = FALSE
	EndGlobalSection
EndGlobal
